
Microsoft Visual Studio Solution File, Format Version 12.00
# Visual Studio 14
VisualStudioVersion = 14.0.25420.1
MinimumVisualStudioVersion = 10.0.40219.1
Project("{8BB2217D-0F2D-49D1-97BC-3654ED321F3B}") = "Tests", "test\Tests\Tests.xproj", "{91418C57-9448-4AD5-B8E1-E92BC771CBBD}"
EndProject
Project("{8BB2217D-0F2D-49D1-97BC-3654ED321F3B}") = "Targets", "src\Targets\Targets.xproj", "{3F6F737E-538B-43E5-B31E-AB7A9598BED7}"
EndProject
Project("{2150E333-8FDC-42A3-9474-1A3956D46DE8}") = "src", "src", "{9FFBE85A-694F-43FA-A2FB-CBDF82653EC2}"
EndProject
Project("{2150E333-8FDC-42A3-9474-1A3956D46DE8}") = "test", "test", "{08A25E5C-0A38-4ACA-8D9F-79F675D46749}"
EndProject
Project("{2150E333-8FDC-42A3-9474-1A3956D46DE8}") = "Solution Items", "Solution Items", "{2C88F4CC-A590-4553-84F3-F0D99708D0CB}"
	ProjectSection(SolutionItems) = preProject
		global.json = global.json
	EndProjectSection
EndProject
Project("{FAE04EC0-301F-11D3-BF4B-00C04F79EFBC}") = "_Targets", "src\_Targets.csproj", "{4C96FA18-69BD-4885-8428-4C47CD211608}"
EndProject
Project("{FAE04EC0-301F-11D3-BF4B-00C04F79EFBC}") = "_Tests", "test\_Tests.csproj", "{C6A52FB8-F1E7-470B-B324-3E56CD629727}"
EndProject
Project("{2150E333-8FDC-42A3-9474-1A3956D46DE8}") = "net452", "net452", "{3714F8D6-A437-4679-8D04-EC49D83381AE}"
EndProject
Project("{2150E333-8FDC-42A3-9474-1A3956D46DE8}") = "netcore", "netcore", "{E832CA5C-36C5-4389-9623-00FF4EA5B5BC}"
EndProject
Project("{2150E333-8FDC-42A3-9474-1A3956D46DE8}") = "src", "src", "{61B337D4-2291-44D8-9F32-F99FAB85D8CC}"
EndProject
Project("{2150E333-8FDC-42A3-9474-1A3956D46DE8}") = "test", "test", "{696419BE-8026-41A7-80CF-FE4A514700EA}"
EndProject
Global
	GlobalSection(SolutionConfigurationPlatforms) = preSolution
		Debug|Any CPU = Debug|Any CPU
		Release|Any CPU = Release|Any CPU
	EndGlobalSection
	GlobalSection(ProjectConfigurationPlatforms) = postSolution
		{91418C57-9448-4AD5-B8E1-E92BC771CBBD}.Debug|Any CPU.ActiveCfg = Debug|Any CPU
		{91418C57-9448-4AD5-B8E1-E92BC771CBBD}.Debug|Any CPU.Build.0 = Debug|Any CPU
		{91418C57-9448-4AD5-B8E1-E92BC771CBBD}.Release|Any CPU.ActiveCfg = Release|Any CPU
		{91418C57-9448-4AD5-B8E1-E92BC771CBBD}.Release|Any CPU.Build.0 = Release|Any CPU
		{3F6F737E-538B-43E5-B31E-AB7A9598BED7}.Debug|Any CPU.ActiveCfg = Debug|Any CPU
		{3F6F737E-538B-43E5-B31E-AB7A9598BED7}.Debug|Any CPU.Build.0 = Debug|Any CPU
		{3F6F737E-538B-43E5-B31E-AB7A9598BED7}.Release|Any CPU.ActiveCfg = Release|Any CPU
		{3F6F737E-538B-43E5-B31E-AB7A9598BED7}.Release|Any CPU.Build.0 = Release|Any CPU
		{4C96FA18-69BD-4885-8428-4C47CD211608}.Debug|Any CPU.ActiveCfg = Debug|Any CPU
		{4C96FA18-69BD-4885-8428-4C47CD211608}.Debug|Any CPU.Build.0 = Debug|Any CPU
		{4C96FA18-69BD-4885-8428-4C47CD211608}.Release|Any CPU.ActiveCfg = Release|Any CPU
		{4C96FA18-69BD-4885-8428-4C47CD211608}.Release|Any CPU.Build.0 = Release|Any CPU
		{C6A52FB8-F1E7-470B-B324-3E56CD629727}.Debug|Any CPU.ActiveCfg = Debug|Any CPU
		{C6A52FB8-F1E7-470B-B324-3E56CD629727}.Debug|Any CPU.Build.0 = Debug|Any CPU
		{C6A52FB8-F1E7-470B-B324-3E56CD629727}.Release|Any CPU.ActiveCfg = Release|Any CPU
		{C6A52FB8-F1E7-470B-B324-3E56CD629727}.Release|Any CPU.Build.0 = Release|Any CPU
	EndGlobalSection
	GlobalSection(SolutionProperties) = preSolution
		HideSolutionNode = FALSE
	EndGlobalSection
	GlobalSection(NestedProjects) = preSolution
		{91418C57-9448-4AD5-B8E1-E92BC771CBBD} = {08A25E5C-0A38-4ACA-8D9F-79F675D46749}
		{3F6F737E-538B-43E5-B31E-AB7A9598BED7} = {9FFBE85A-694F-43FA-A2FB-CBDF82653EC2}
		{9FFBE85A-694F-43FA-A2FB-CBDF82653EC2} = {E832CA5C-36C5-4389-9623-00FF4EA5B5BC}
		{08A25E5C-0A38-4ACA-8D9F-79F675D46749} = {E832CA5C-36C5-4389-9623-00FF4EA5B5BC}
		{4C96FA18-69BD-4885-8428-4C47CD211608} = {61B337D4-2291-44D8-9F32-F99FAB85D8CC}
		{C6A52FB8-F1E7-470B-B324-3E56CD629727} = {696419BE-8026-41A7-80CF-FE4A514700EA}
		{61B337D4-2291-44D8-9F32-F99FAB85D8CC} = {3714F8D6-A437-4679-8D04-EC49D83381AE}
		{696419BE-8026-41A7-80CF-FE4A514700EA} = {3714F8D6-A437-4679-8D04-EC49D83381AE}
	EndGlobalSection
EndGlobal
